
Microsoft Visual Studio Solution File, Format Version 12.00
# Visual Studio Version 17
VisualStudioVersion = 17.1.32328.378
MinimumVisualStudioVersion = 10.0.40219.1
Project("{9A19103F-16F7-4668-BE54-9A1E7A4F7556}") = "Biblioteca", "Biblioteca\Biblioteca.csproj", "{49761908-EC7B-4D35-B3C2-4536BF357912}"
EndProject
Project("{FAE04EC0-301F-11D3-BF4B-00C04F79EFBC}") = "Formularios", "Formularios\Formularios.csproj", "{26AE1111-9344-4E78-98EF-158A20C70355}"
EndProject
Global
	GlobalSection(SolutionConfigurationPlatforms) = preSolution
		Debug|Any CPU = Debug|Any CPU
		Release|Any CPU = Release|Any CPU
	EndGlobalSection
	GlobalSection(ProjectConfigurationPlatforms) = postSolution
		{49761908-EC7B-4D35-B3C2-4536BF357912}.Debug|Any CPU.ActiveCfg = Debug|Any CPU
		{49761908-EC7B-4D35-B3C2-4536BF357912}.Debug|Any CPU.Build.0 = Debug|Any CPU
		{49761908-EC7B-4D35-B3C2-4536BF357912}.Release|Any CPU.ActiveCfg = Release|Any CPU
		{49761908-EC7B-4D35-B3C2-4536BF357912}.Release|Any CPU.Build.0 = Release|Any CPU
		{26AE1111-9344-4E78-98EF-158A20C70355}.Debug|Any CPU.ActiveCfg = Debug|Any CPU
		{26AE1111-9344-4E78-98EF-158A20C70355}.Debug|Any CPU.Build.0 = Debug|Any CPU
		{26AE1111-9344-4E78-98EF-158A20C70355}.Release|Any CPU.ActiveCfg = Release|Any CPU
		{26AE1111-9344-4E78-98EF-158A20C70355}.Release|Any CPU.Build.0 = Release|Any CPU
	EndGlobalSection
	GlobalSection(SolutionProperties) = preSolution
		HideSolutionNode = FALSE
	EndGlobalSection
	GlobalSection(ExtensibilityGlobals) = postSolution
		SolutionGuid = {DC93504F-B8D4-4133-96CE-18815037349B}
	EndGlobalSection
EndGlobal
